Microsoft Visual Studio Solution File, Format Version 12.00
# Visual Studio Version 16
VisualStudioVersion = 16.0.30016.0
MinimumVisualStudioVersion = 10.0.40219.1
Project("{FAE04EC0-301F-11D3-BF4F-00C04F79EFBC}") = "BepinexPluginLogger", "BepinexPluginLogger\BepinexPluginLogger.csproj", "{D1B6E5A4-5C5D-4B6A-8D4D-1B8A4D1B8A4D}"
EndProject
Project("{FAE04EC0-301F-11D3-BF4F-00C04F79EFBC}") = "owd.BepinexSaveLoad", "owd.BepinexSaveLoad\owd.BepinexSaveLoad.csproj", "{A2C5E6B7-6D7F-4C8A-9D5E-2C9A5D2C9A5D}"
EndProject
Global
    GlobalSection(SolutionConfigurationPlatforms) = preSolution
        Debug|Any CPU = Debug|Any CPU
        Release|Any CPU = Release|Any CPU
    EndGlobalSection
    GlobalSection(ProjectConfigurationPlatforms) = postSolution
        {D1B6E5A4-5C5D-4B6A-8D4D-1B8A4D1B8A4D}.Debug|Any CPU.ActiveCfg = Debug|Any CPU
        {D1B6E5A4-5C5D-4B6A-8D4D-1B8A4D1B8A4D}.Debug|Any CPU.Build.0 = Debug|Any CPU
        {D1B6E5A4-5C5D-4B6A-8D4D-1B8A4D1B8A4D}.Release|Any CPU.ActiveCfg = Release|Any CPU
        {D1B6E5A4-5C5D-4B6A-8D4D-1B8A4D1B8A4D}.Release|Any CPU.Build.0 = Release|Any CPU
        {A2C5E6B7-6D7F-4C8A-9D5E-2C9A5D2C9A5D}.Debug|Any CPU.ActiveCfg = Debug|Any CPU
        {A2C5E6B7-6D7F-4C8A-9D5E-2C9A5D2C9A5D}.Debug|Any CPU.Build.0 = Debug|Any CPU
        {A2C5E6B7-6D7F-4C8A-9D5E-2C9A5D2C9A5D}.Release|Any CPU.ActiveCfg = Release|Any CPU
        {A2C5E6B7-6D7F-4C8A-9D5E-2C9A5D2C9A5D}.Release|Any CPU.Build.0 = Release|Any CPU
    EndGlobalSection
EndGlobal